{
    "_readme": [
        "This file locks the dependencies of your project to a known state",
        "Read more about it at https://getcomposer.org/doc/01-basic-usage.md#installing-dependencies",
        "This file is @generated automatically"
    ],
    "content-hash": "eb95f005bcfc7d7d3a64abbc8d9be287",
    "packages": [
        {
            "name": "graham-campbell/result-type",
            "version": "v1.2.0",
            "source": {
                "type": "git",
                "url": "https://github.com/GrahamCampbell/Result-Type.git",
                "reference": "adccca3324eece92ca35463648c12b9e6293c05b"
            },
            "dist": {
                "type": "zip",
                "url": "https://api.github.com/repos/GrahamCampbell/Result-Type/zipball/adccca3324eece92ca35463648c12b9e6293c05b",
                "reference": "adccca3324eece92ca35463648c12b9e6293c05b",
                "shasum": ""
            },
            "require": {
                "php": "^7.2.5 || ^8.0",
                "phpoption/phpoption": "^1.10"
            },
            "require-dev": {
                "phpunit/phpunit": "^8.5.52 || ^9.6.34 || ^10.5.63 || ^11.5.55 || ^12.5.14"
            },
            "type": "library",
            "autoload": {
                "psr-4": {
                    "GrahamCampbell\\ResultType\\": "src/"
                }
            },
            "notification-url": "https://packagist.org/downloads/",
            "license": [
                "MIT"
            ],
            "authors": [
                {
                    "name": "Graham Campbell",
                    "email": "hello@gjcampbell.co.uk",
                    "homepage": "https://github.com/GrahamCampbell"
                }
            ],
            "description": "An Implementation Of The Result Type",
            "keywords": [
                "Graham Campbell",
                "GrahamCampbell",
                "Result Type",
                "Result-Type",
                "result"
            ],
            "support": {
                "issues": "https://github.com/GrahamCampbell/Result-Type/issues",
                "source": "https://github.com/GrahamCampbell/Result-Type/tree/v1.2.0"
            },
            "funding": [
                {
                    "url": "https://github.com/GrahamCampbell",
                    "type": "github"
                },
                {
                    "url": "https://tidelift.com/funding/github/packagist/graham-campbell/result-type",
                    "type": "tidelift"
                }
            ],
            "time": "2026-08-24T09:06:52+00:00"
        },
        {
            "name": "movescode/model",
            "version": "1.0.0",
            "source": {
                "type": "git",
                "url": "https://github.com/djalmamartins/model.git",
                "reference": "2b11ca9c5275128fe8b3923a2a97b2f09f758f7a"
            },
            "dist": {
                "type": "zip",
                "url": "https://api.github.com/repos/djalmamartins/model/zipball/2b11ca9c5275128fe8b3923a2a97b2f09f758f7a",
                "reference": "2b11ca9c5275128fe8b3923a2a97b2f09f758f7a",
                "shasum": ""
            },
            "require": {
                "ext-pdo": "*",
                "php": "^8.2"
            },
            "type": "library",
            "autoload": {
                "psr-4": {
                    "MovesCode\\Model\\": "src/"
                }
            },
            "notification-url": "https://packagist.org/downloads/",
            "license": [
                "MIT"
            ],
            "authors": [
                {
                    "name": "Djalma Martins",
                    "email": "contato@moves.com.br",
                    "role": "Developer"
                }
            ],
            "description": "Official database model component for MovesOS",
            "homepage": "http://www.moves.com.br",
            "keywords": [
                "Active Record",
                "database",
                "model",
                "movesos",
                "pdo"
            ],
            "support": {
                "issues": "https://github.com/djalmamartins/model/issues",
                "source": "https://github.com/djalmamartins/model/tree/1.0.0"
            },
            "time": "2026-08-22T23:07:44+00:00"
        },
        {
            "name": "movescode/pager",
            "version": "1.0.0",
            "source": {
                "type": "git",
                "url": "https://github.com/djalmamartins/pager.git",
                "reference": "944f837c2a8be60485ac1c891ea023b21cfe9ccb"
            },
            "dist": {
                "type": "zip",
                "url": "https://api.github.com/repos/djalmamartins/pager/zipball/944f837c2a8be60485ac1c891ea023b21cfe9ccb",
                "reference": "944f837c2a8be60485ac1c891ea023b21cfe9ccb",
                "shasum": ""
            },
            "require": {
                "php": "^8.2"
            },
            "type": "library",
            "autoload": {
                "psr-4": {
                    "MovesCode\\Pager\\": "src/"
                }
            },
            "notification-url": "https://packagist.org/downloads/",
            "license": [
                "MIT"
            ],
            "authors": [
                {
                    "name": "Djalma Martins",
                    "email": "contato@moves.com.br",
                    "role": "Developer"
                }
            ],
            "description": "Official pagination component for MovesOS",
            "homepage": "http://www.moves.com.br",
            "keywords": [
                "movesos",
                "pager",
                "pagination"
            ],
            "support": {
                "issues": "https://github.com/djalmamartins/pager/issues",
                "source": "https://github.com/djalmamartins/pager/tree/1.0.0"
            },
            "time": "2026-08-22T22:58:03+00:00"
        },
        {
            "name": "movescode/router",
            "version": "1.1.0",
            "source": {
                "type": "git",
                "url": "https://github.com/djalmamartins/router.git",
                "reference": "db258a9403a3863b8f4e25cc59464028f7afcea5"
            },
            "dist": {
                "type": "zip",
                "url": "https://api.github.com/repos/djalmamartins/router/zipball/db258a9403a3863b8f4e25cc59464028f7afcea5",
                "reference": "db258a9403a3863b8f4e25cc59464028f7afcea5",
                "shasum": ""
            },
            "require": {
                "php": "^8.2"
            },
            "type": "library",
            "autoload": {
                "psr-4": {
                    "MovesCode\\Router\\": "src/"
                }
            },
            "notification-url": "https://packagist.org/downloads/",
            "license": [
                "MIT"
            ],
            "authors": [
                {
                    "name": "Djalma Martins",
                    "email": "contato@moves.com.br",
                    "role": "Developer"
                }
            ],
            "description": "Official routing component for MovesOS",
            "homepage": "http://www.moves.com.br",
            "keywords": [
                "api",
                "domain",
                "movesos",
                "mvc",
                "rest",
                "router",
                "routing",
                "subdomain"
            ],
            "support": {
                "issues": "https://github.com/djalmamartins/router/issues",
                "source": "https://github.com/djalmamartins/router/tree/1.1.0"
            },
            "time": "2026-08-23T00:35:31+00:00"
        },
        {
            "name": "movescode/storage",
            "version": "1.0.2",
            "source": {
                "type": "git",
                "url": "https://github.com/djalmamartins/storage.git",
                "reference": "ec3e4badfe9c5e28f5f57ff861beec1960a9dffe"
            },
            "dist": {
                "type": "zip",
                "url": "https://api.github.com/repos/djalmamartins/storage/zipball/ec3e4badfe9c5e28f5f57ff861beec1960a9dffe",
                "reference": "ec3e4badfe9c5e28f5f57ff861beec1960a9dffe",
                "shasum": ""
            },
            "require": {
                "ext-fileinfo": "*",
                "ext-gd": "*",
                "ext-iconv": "*",
                "ext-mbstring": "*",
                "php": "^8.2"
            },
            "type": "library",
            "autoload": {
                "psr-4": {
                    "MovesCode\\Storage\\": "src/"
                }
            },
            "notification-url": "https://packagist.org/downloads/",
            "license": [
                "MIT"
            ],
            "authors": [
                {
                    "name": "Djalma Martins",
                    "email": "contato@moves.com.br",
                    "role": "Developer"
                }
            ],
            "description": "Official storage component for MovesOS",
            "homepage": "http://www.moves.com.br",
            "keywords": [
                "image",
                "media",
                "movesos",
                "storage",
                "upload"
            ],
            "support": {
                "issues": "https://github.com/djalmamartins/storage/issues",
                "source": "https://github.com/djalmamartins/storage/tree/1.0.2"
            },
            "time": "2026-08-23T03:09:16+00:00"
        },
        {
            "name": "movescode/view",
            "version": "1.0.0",
            "source": {
                "type": "git",
                "url": "https://github.com/djalmamartins/view.git",
                "reference": "181f0fa71051e01e4660080f5150202ab1d97a94"
            },
            "dist": {
                "type": "zip",
                "url": "https://api.github.com/repos/djalmamartins/view/zipball/181f0fa71051e01e4660080f5150202ab1d97a94",
                "reference": "181f0fa71051e01e4660080f5150202ab1d97a94",
                "shasum": ""
            },
            "require": {
                "php": "^8.2"
            },
            "type": "library",
            "autoload": {
                "psr-4": {
                    "MovesCode\\View\\": "src/"
                }
            },
            "notification-url": "https://packagist.org/downloads/",
            "license": [
                "MIT"
            ],
            "authors": [
                {
                    "name": "Djalma Martins",
                    "email": "contato@moves.com.br",
                    "role": "Developer"
                }
            ],
            "description": "Official native PHP template component for MovesOS",
            "homepage": "http://www.moves.com.br",
            "keywords": [
                "layout",
                "movesos",
                "mvc",
                "template",
                "view"
            ],
            "support": {
                "issues": "https://github.com/djalmamartins/view/issues",
                "source": "https://github.com/djalmamartins/view/tree/1.0.0"
            },
            "time": "2026-08-22T23:40:17+00:00"
        },
        {
            "name": "phpoption/phpoption",
            "version": "1.10.0",
            "source": {
                "type": "git",
                "url": "https://github.com/schmittjoh/php-option.git",
                "reference": "67b192b6a42ec03944b972d6e633ddec78ad2c6d"
            },
            "dist": {
                "type": "zip",
                "url": "https://api.github.com/repos/schmittjoh/php-option/zipball/67b192b6a42ec03944b972d6e633ddec78ad2c6d",
                "reference": "67b192b6a42ec03944b972d6e633ddec78ad2c6d",
                "shasum": ""
            },
            "require": {
                "php": "^7.2.5 || ^8.0"
            },
            "require-dev": {
                "bamarni/composer-bin-plugin": "^1.8.2",
                "phpunit/phpunit": "^8.5.54 || ^9.6.36 || ^10.5.64 || ^11.5.56 || ^12.5.33"
            },
            "type": "library",
            "extra": {
                "bamarni-bin": {
                    "bin-links": true,
                    "forward-command": false
                },
                "branch-alias": {
                    "dev-master": "1.9-dev"
                }
            },
            "autoload": {
                "psr-4": {
                    "PhpOption\\": "src/PhpOption/"
                }
            },
            "notification-url": "https://packagist.org/downloads/",
            "license": [
                "Apache-2.0"
            ],
            "authors": [
                {
                    "name": "Johannes M. Schmitt",
                    "email": "schmittjoh@gmail.com",
                    "homepage": "https://github.com/schmittjoh"
                },
                {
                    "name": "Graham Campbell",
                    "email": "hello@gjcampbell.co.uk",
                    "homepage": "https://github.com/GrahamCampbell"
                }
            ],
            "description": "Option Type for PHP",
            "keywords": [
                "language",
                "option",
                "php",
                "type"
            ],
            "support": {
                "issues": "https://github.com/schmittjoh/php-option/issues",
                "source": "https://github.com/schmittjoh/php-option/tree/1.10.0"
            },
            "funding": [
                {
                    "url": "https://github.com/GrahamCampbell",
                    "type": "github"
                },
                {
                    "url": "https://tidelift.com/funding/github/packagist/phpoption/phpoption",
                    "type": "tidelift"
                }
            ],
            "time": "2026-08-24T00:54:40+00:00"
        },
        {
            "name": "symfony/polyfill-ctype",
            "version": "v1.37.0",
            "source": {
                "type": "git",
                "url": "https://github.com/symfony/polyfill-ctype.git",
                "reference": "141046a8f9477948ff284fa65be2095baafb94f2"
            },
            "dist": {
                "type": "zip",
                "url": "https://api.github.com/repos/symfony/polyfill-ctype/zipball/141046a8f9477948ff284fa65be2095baafb94f2",
                "reference": "141046a8f9477948ff284fa65be2095baafb94f2",
                "shasum": ""
            },
            "require": {
                "php": ">=7.2"
            },
            "provide": {
                "ext-ctype": "*"
            },
            "suggest": {
                "ext-ctype": "For best performance"
            },
            "type": "library",
            "extra": {
                "thanks": {
                    "url": "https://github.com/symfony/polyfill",
                    "name": "symfony/polyfill"
                }
            },
            "autoload": {
                "files": [
                    "bootstrap.php"
                ],
                "psr-4": {
                    "Symfony\\Polyfill\\Ctype\\": ""
                }
            },
            "notification-url": "https://packagist.org/downloads/",
            "license": [
                "MIT"
            ],
            "authors": [
                {
                    "name": "Gert de Pagter",
                    "email": "BackEndTea@gmail.com"
                },
                {
                    "name": "Symfony Community",
                    "homepage": "https://symfony.com/contributors"
                }
            ],
            "description": "Symfony polyfill for ctype functions",
            "homepage": "https://symfony.com",
            "keywords": [
                "compatibility",
                "ctype",
                "polyfill",
                "portable"
            ],
            "support": {
                "source": "https://github.com/symfony/polyfill-ctype/tree/v1.37.0"
            },
            "funding": [
                {
                    "url": "https://symfony.com/sponsor",
                    "type": "custom"
                },
                {
                    "url": "https://github.com/fabpot",
                    "type": "github"
                },
                {
                    "url": "https://github.com/nicolas-grekas",
                    "type": "github"
                },
                {
                    "url": "https://tidelift.com/funding/github/packagist/symfony/symfony",
                    "type": "tidelift"
                }
            ],
            "time": "2026-04-10T16:19:22+00:00"
        },
        {
            "name": "symfony/polyfill-mbstring",
            "version": "v1.38.2",
            "source": {
                "type": "git",
                "url": "https://github.com/symfony/polyfill-mbstring.git",
                "reference": "d3d318bad5e7a1bfbd026009c8bfb8d8f99ae6b6"
            },
            "dist": {
                "type": "zip",
                "url": "https://api.github.com/repos/symfony/polyfill-mbstring/zipball/d3d318bad5e7a1bfbd026009c8bfb8d8f99ae6b6",
                "reference": "d3d318bad5e7a1bfbd026009c8bfb8d8f99ae6b6",
                "shasum": ""
            },
            "require": {
                "ext-iconv": "*",
                "php": ">=7.2"
            },
            "provide": {
                "ext-mbstring": "*"
            },
            "suggest": {
                "ext-mbstring": "For best performance"
            },
            "type": "library",
            "extra": {
                "thanks": {
                    "url": "https://github.com/symfony/polyfill",
                    "name": "symfony/polyfill"
                }
            },
            "autoload": {
                "files": [
                    "bootstrap.php"
                ],
                "psr-4": {
                    "Symfony\\Polyfill\\Mbstring\\": ""
                }
            },
            "notification-url": "https://packagist.org/downloads/",
            "license": [
                "MIT"
            ],
            "authors": [
                {
                    "name": "Nicolas Grekas",
                    "email": "p@tchwork.com"
                },
                {
                    "name": "Symfony Community",
                    "homepage": "https://symfony.com/contributors"
                }
            ],
            "description": "Symfony polyfill for the Mbstring extension",
            "homepage": "https://symfony.com",
            "keywords": [
                "compatibility",
                "mbstring",
                "polyfill",
                "portable",
                "shim"
            ],
            "support": {
                "source": "https://github.com/symfony/polyfill-mbstring/tree/v1.38.2"
            },
            "funding": [
                {
                    "url": "https://symfony.com/sponsor",
                    "type": "custom"
                },
                {
                    "url": "https://github.com/fabpot",
                    "type": "github"
                },
                {
                    "url": "https://github.com/nicolas-grekas",
                    "type": "github"
                },
                {
                    "url": "https://tidelift.com/funding/github/packagist/symfony/symfony",
                    "type": "tidelift"
                }
            ],
            "time": "2026-05-27T06:59:30+00:00"
        },
        {
            "name": "symfony/polyfill-php80",
            "version": "v1.37.0",
            "source": {
                "type": "git",
                "url": "https://github.com/symfony/polyfill-php80.git",
                "reference": "dfb55726c3a76ea3b6459fcfda1ec2d80a682411"
            },
            "dist": {
                "type": "zip",
                "url": "https://api.github.com/repos/symfony/polyfill-php80/zipball/dfb55726c3a76ea3b6459fcfda1ec2d80a682411",
                "reference": "dfb55726c3a76ea3b6459fcfda1ec2d80a682411",
                "shasum": ""
            },
            "require": {
                "php": ">=7.2"
            },
            "type": "library",
            "extra": {
                "thanks": {
                    "url": "https://github.com/symfony/polyfill",
                    "name": "symfony/polyfill"
                }
            },
            "autoload": {
                "files": [
                    "bootstrap.php"
                ],
                "psr-4": {
                    "Symfony\\Polyfill\\Php80\\": ""
                },
                "classmap": [
                    "Resources/stubs"
                ]
            },
            "notification-url": "https://packagist.org/downloads/",
            "license": [
                "MIT"
            ],
            "authors": [
                {
                    "name": "Ion Bazan",
                    "email": "ion.bazan@gmail.com"
                },
                {
                    "name": "Nicolas Grekas",
                    "email": "p@tchwork.com"
                },
                {
                    "name": "Symfony Community",
                    "homepage": "https://symfony.com/contributors"
                }
            ],
            "description": "Symfony polyfill backporting some PHP 8.0+ features to lower PHP versions",
            "homepage": "https://symfony.com",
            "keywords": [
                "compatibility",
                "polyfill",
                "portable",
                "shim"
            ],
            "support": {
                "source": "https://github.com/symfony/polyfill-php80/tree/v1.37.0"
            },
            "funding": [
                {
                    "url": "https://symfony.com/sponsor",
                    "type": "custom"
                },
                {
                    "url": "https://github.com/fabpot",
                    "type": "github"
                },
                {
                    "url": "https://github.com/nicolas-grekas",
                    "type": "github"
                },
                {
                    "url": "https://tidelift.com/funding/github/packagist/symfony/symfony",
                    "type": "tidelift"
                }
            ],
            "time": "2026-04-10T16:19:22+00:00"
        },
        {
            "name": "vlucas/phpdotenv",
            "version": "v5.7.0",
            "source": {
                "type": "git",
                "url": "https://github.com/vlucas/phpdotenv.git",
                "reference": "301c07936b16d88628b126b01d082ba153cf4c40"
            },
            "dist": {
                "type": "zip",
                "url": "https://api.github.com/repos/vlucas/phpdotenv/zipball/301c07936b16d88628b126b01d082ba153cf4c40",
                "reference": "301c07936b16d88628b126b01d082ba153cf4c40",
                "shasum": ""
            },
            "require": {
                "ext-pcre": "*",
                "graham-campbell/result-type": "^1.2",
                "php": "^7.2.5 || ^8.0",
                "phpoption/phpoption": "^1.10",
                "symfony/polyfill-ctype": "^1.26",
                "symfony/polyfill-mbstring": "^1.26",
                "symfony/polyfill-php80": "^1.26"
            },
            "require-dev": {
                "bamarni/composer-bin-plugin": "^1.8.2",
                "ext-filter": "*",
                "phpunit/phpunit": "^8.5.34 || ^9.6.13 || ^10.4.2"
            },
            "suggest": {
                "ext-filter": "Required to use the boolean validator."
            },
            "type": "library",
            "extra": {
                "bamarni-bin": {
                    "bin-links": true,
                    "forward-command": false
                },
                "branch-alias": {
                    "dev-master": "5.6-dev"
                }
            },
            "autoload": {
                "psr-4": {
                    "Dotenv\\": "src/"
                }
            },
            "notification-url": "https://packagist.org/downloads/",
            "license": [
                "BSD-3-Clause"
            ],
            "authors": [
                {
                    "name": "Graham Campbell",
                    "email": "hello@gjcampbell.co.uk",
                    "homepage": "https://github.com/GrahamCampbell"
                },
                {
                    "name": "Vance Lucas",
                    "email": "vance@vancelucas.com",
                    "homepage": "https://github.com/vlucas"
                }
            ],
            "description": "Loads environment variables from `.env` to `$_ENV` and `$_SERVER` automagically, and optionally to `getenv()`.",
            "keywords": [
                "dotenv",
                "env",
                "environment"
            ],
            "support": {
                "issues": "https://github.com/vlucas/phpdotenv/issues",
                "source": "https://github.com/vlucas/phpdotenv/tree/v5.7.0"
            },
            "funding": [
                {
                    "url": "https://github.com/GrahamCampbell",
                    "type": "github"
                },
                {
                    "url": "https://tidelift.com/funding/github/packagist/vlucas/phpdotenv",
                    "type": "tidelift"
                }
            ],
            "time": "2026-08-24T18:07:49+00:00"
        }
    ],
    "packages-dev": [],
    "aliases": [],
    "minimum-stability": "stable",
    "stability-flags": {},
    "prefer-stable": false,
    "prefer-lowest": false,
    "platform": {
        "php": "^8.2",
        "ext-intl": "*",
        "ext-pdo": "*"
    },
    "platform-dev": {},
    "plugin-api-version": "2.9.0"
}
